
Microsoft Visual Studio Solution File, Format Version 12.00
# Visual Studio Version 16
VisualStudioVersion = 16.0.30204.135
MinimumVisualStudioVersion = 10.0.40219.1
Project("{FAE04EC0-301F-11D3-BF4B-00C04F79EFBC}") = "SamplePatients", "SamplePatients\SamplePatients.csproj", "{2947AE7D-1FE2-4B1C-B4A2-498DA2E76ADA}"
EndProject
Global
	GlobalSection(SolutionConfigurationPlatforms) = preSolution
		Debug|Any CPU = Debug|Any CPU
		Release|Any CPU = Release|Any CPU
	EndGlobalSection
	GlobalSection(ProjectConfigurationPlatforms) = postSolution
		{2947AE7D-1FE2-4B1C-B4A2-498DA2E76ADA}.Debug|Any CPU.ActiveCfg = Debug|Any CPU
		{2947AE7D-1FE2-4B1C-B4A2-498DA2E76ADA}.Debug|Any CPU.Build.0 = Debug|Any CPU
		{2947AE7D-1FE2-4B1C-B4A2-498DA2E76ADA}.Release|Any CPU.ActiveCfg = Release|Any CPU
		{2947AE7D-1FE2-4B1C-B4A2-498DA2E76ADA}.Release|Any CPU.Build.0 = Release|Any CPU
	EndGlobalSection
	GlobalSection(SolutionProperties) = preSolution
		HideSolutionNode = FALSE
	EndGlobalSection
	GlobalSection(ExtensibilityGlobals) = postSolution
		SolutionGuid = {FF7CDC8A-B1CF-49C9-BB92-15284886C765}
	EndGlobalSection
EndGlobal
